
Microsoft Visual Studio Solution File, Format Version 12.00
# Visual Studio 15
VisualStudioVersion = 15.0.27004.2006
MinimumVisualStudioVersion = 10.0.40219.1
Project("{FAE04EC0-301F-11D3-BF4B-00C04F79EFBC}") = "BrainOffline.Blast.Android", "BrainOffline.Blast\BrainOffline.Blast.Android\BrainOffline.Blast.Android.csproj", "{791718E7-1DD3-4039-8058-D337F325D039}"
EndProject
Project("{FAE04EC0-301F-11D3-BF4B-00C04F79EFBC}") = "BrainOffline.Blast.iOS", "BrainOffline.Blast\BrainOffline.Blast.iOS\BrainOffline.Blast.iOS.csproj", "{0E424C1D-A58D-42A7-91FF-2D8B706D1EEB}"
EndProject
Project("{FAE04EC0-301F-11D3-BF4B-00C04F79EFBC}") = "BrainOffline.Blast.UWP", "BrainOffline.Blast\BrainOffline.Blast.UWP\BrainOffline.Blast.UWP.csproj", "{1DD55748-2399-4D52-A956-3B2FEB40948D}"
EndProject
Project("{FAE04EC0-301F-11D3-BF4B-00C04F79EFBC}") = "BrainOffline.Blast.Forms", "BrainOffline.Blast\BrainOffline.Blast.Forms\BrainOffline.Blast.Forms.csproj", "{F545F097-44B2-4826-A7F7-C652B7869CEC}"
EndProject
Project("{2150E333-8FDC-42A3-9474-1A3956D46DE8}") = "1. App", "1. App", "{A0B2B0B3-4B2C-4DBE-BFF0-F8E87B946C1F}"
EndProject
Project("{2150E333-8FDC-42A3-9474-1A3956D46DE8}") = "5. Project", "5. Project", "{C6B10842-F18B-4E0D-9531-C89835E23B2E}"
EndProject
Project("{2150E333-8FDC-42A3-9474-1A3956D46DE8}") = "3. Tests", "3. Tests", "{BAC02EC6-B2CA-4551-B423-1A17E1C0F89F}"
EndProject
Project("{2150E333-8FDC-42A3-9474-1A3956D46DE8}") = "8. Library", "8. Library", "{89045E93-D003-45A5-9754-05B12A8FE939}"
EndProject
Project("{2150E333-8FDC-42A3-9474-1A3956D46DE8}") = "9. Solution Items", "9. Solution Items", "{6E2728F3-70D2-4CDC-B8E9-00B8F69455B5}"
EndProject
Project("{FAE04EC0-301F-11D3-BF4B-00C04F79EFBC}") = "BrainOffline.Blast", "BrainOffline.Blast\BrainOffline.Blast\BrainOffline.Blast.csproj", "{261AA891-6549-4D36-863B-18A231E402A7}"
EndProject
Project("{FAE04EC0-301F-11D3-BF4B-00C04F79EFBC}") = "BrainOffline.Brain", "BrainOffline.Blast\BrainOffline.Brain\BrainOffline.Brain.csproj", "{8F20FB90-4020-4F7C-ADF8-471213C0C1B8}"
EndProject
Project("{FAE04EC0-301F-11D3-BF4B-00C04F79EFBC}") = "BrainOffline.Brain.Android", "BrainOffline.Blast\BrainOffline.Brain.Android\BrainOffline.Brain.Android.csproj", "{D9DB7C77-C07B-4EF0-9756-A97D67435BF3}"
EndProject
Project("{FAE04EC0-301F-11D3-BF4B-00C04F79EFBC}") = "BrainOffline.Brain.iOS", "BrainOffline.Blast\BrainOffline.Brain.iOS\BrainOffline.Brain.iOS.csproj", "{2BC8BD29-5DD6-4321-9E58-8A07AE82EA68}"
EndProject
Project("{FAE04EC0-301F-11D3-BF4B-00C04F79EFBC}") = "BrainOffline.Brain.UWP", "BrainOffline.Blast\BrainOffline.Brain.UWP\BrainOffline.Brain.UWP.csproj", "{13488055-FC97-470D-992F-9FB8336A95A5}"
EndProject
Project("{FAE04EC0-301F-11D3-BF4B-00C04F79EFBC}") = "BrainOffline.Blast.UITests", "BrainOffline.Blast\BrainOffline.Blast.UITests\BrainOffline.Blast.UITests.csproj", "{92138D1A-B366-4CA2-98A1-846413B9C15A}"
EndProject
Global
	GlobalSection(SolutionConfigurationPlatforms) = preSolution
		Debug|Any CPU = Debug|Any CPU
		Debug|ARM = Debug|ARM
		Debug|iPhone = Debug|iPhone
		Debug|iPhoneSimulator = Debug|iPhoneSimulator
		Debug|x64 = Debug|x64
		Debug|x86 = Debug|x86
		Release|Any CPU = Release|Any CPU
		Release|ARM = Release|ARM
		Release|iPhone = Release|iPhone
		Release|iPhoneSimulator = Release|iPhoneSimulator
		Release|x64 = Release|x64
		Release|x86 = Release|x86
	EndGlobalSection
	GlobalSection(ProjectConfigurationPlatforms) = postSolution
		{791718E7-1DD3-4039-8058-D337F325D039}.Debug|Any CPU.ActiveCfg = Debug|Any CPU
		{791718E7-1DD3-4039-8058-D337F325D039}.Debug|Any CPU.Build.0 = Debug|Any CPU
		{791718E7-1DD3-4039-8058-D337F325D039}.Debug|Any CPU.Deploy.0 = Debug|Any CPU
		{791718E7-1DD3-4039-8058-D337F325D039}.Debug|ARM.ActiveCfg = Debug|Any CPU
		{791718E7-1DD3-4039-8058-D337F325D039}.Debug|ARM.Build.0 = Debug|Any CPU
		{791718E7-1DD3-4039-8058-D337F325D039}.Debug|ARM.Deploy.0 = Debug|Any CPU
		{791718E7-1DD3-4039-8058-D337F325D039}.Debug|iPhone.ActiveCfg = Debug|Any CPU
		{791718E7-1DD3-4039-8058-D337F325D039}.Debug|iPhone.Build.0 = Debug|Any CPU
		{791718E7-1DD3-4039-8058-D337F325D039}.Debug|iPhone.Deploy.0 = Debug|Any CPU
		{791718E7-1DD3-4039-8058-D337F325D039}.Debug|iPhoneSimulator.ActiveCfg = Debug|Any CPU
		{791718E7-1DD3-4039-8058-D337F325D039}.Debug|iPhoneSimulator.Build.0 = Debug|Any CPU
		{791718E7-1DD3-4039-8058-D337F325D039}.Debug|iPhoneSimulator.Deploy.0 = Debug|Any CPU
		{791718E7-1DD3-4039-8058-D337F325D039}.Debug|x64.ActiveCfg = Debug|Any CPU
		{791718E7-1DD3-4039-8058-D337F325D039}.Debug|x64.Build.0 = Debug|Any CPU
		{791718E7-1DD3-4039-8058-D337F325D039}.Debug|x64.Deploy.0 = Debug|Any CPU
		{791718E7-1DD3-4039-8058-D337F325D039}.Debug|x86.ActiveCfg = Debug|Any CPU
		{791718E7-1DD3-4039-8058-D337F325D039}.Debug|x86.Build.0 = Debug|Any CPU
		{791718E7-1DD3-4039-8058-D337F325D039}.Debug|x86.Deploy.0 = Debug|Any CPU
		{791718E7-1DD3-4039-8058-D337F325D039}.Release|Any CPU.ActiveCfg = Release|Any CPU
		{791718E7-1DD3-4039-8058-D337F325D039}.Release|Any CPU.Build.0 = Release|Any CPU
		{791718E7-1DD3-4039-8058-D337F325D039}.Release|Any CPU.Deploy.0 = Release|Any CPU
		{791718E7-1DD3-4039-8058-D337F325D039}.Release|ARM.ActiveCfg = Release|Any CPU
		{791718E7-1DD3-4039-8058-D337F325D039}.Release|ARM.Build.0 = Release|Any CPU
		{791718E7-1DD3-4039-8058-D337F325D039}.Release|ARM.Deploy.0 = Release|Any CPU
		{791718E7-1DD3-4039-8058-D337F325D039}.Release|iPhone.ActiveCfg = Release|Any CPU
		{791718E7-1DD3-4039-8058-D337F325D039}.Release|iPhone.Build.0 = Release|Any CPU
		{791718E7-1DD3-4039-8058-D337F325D039}.Release|iPhone.Deploy.0 = Release|Any CPU
		{791718E7-1DD3-4039-8058-D337F325D039}.Release|iPhoneSimulator.ActiveCfg = Release|Any CPU
		{791718E7-1DD3-4039-8058-D337F325D039}.Release|iPhoneSimulator.Build.0 = Release|Any CPU
		{791718E7-1DD3-4039-8058-D337F325D039}.Release|iPhoneSimulator.Deploy.0 = Release|Any CPU
		{791718E7-1DD3-4039-8058-D337F325D039}.Release|x64.ActiveCfg = Release|Any CPU
		{791718E7-1DD3-4039-8058-D337F325D039}.Release|x64.Build.0 = Release|Any CPU
		{791718E7-1DD3-4039-8058-D337F325D039}.Release|x64.Deploy.0 = Release|Any CPU
		{791718E7-1DD3-4039-8058-D337F325D039}.Release|x86.ActiveCfg = Release|Any CPU
		{791718E7-1DD3-4039-8058-D337F325D039}.Release|x86.Build.0 = Release|Any CPU
		{791718E7-1DD3-4039-8058-D337F325D039}.Release|x86.Deploy.0 = Release|Any CPU
		{0E424C1D-A58D-42A7-91FF-2D8B706D1EEB}.Debug|Any CPU.ActiveCfg = Debug|iPhoneSimulator
		{0E424C1D-A58D-42A7-91FF-2D8B706D1EEB}.Debug|ARM.ActiveCfg = Debug|iPhone
		{0E424C1D-A58D-42A7-91FF-2D8B706D1EEB}.Debug|iPhone.ActiveCfg = Debug|iPhone
		{0E424C1D-A58D-42A7-91FF-2D8B706D1EEB}.Debug|iPhone.Build.0 = Debug|iPhone
		{0E424C1D-A58D-42A7-91FF-2D8B706D1EEB}.Debug|iPhoneSimulator.ActiveCfg = Debug|iPhoneSimulator
		{0E424C1D-A58D-42A7-91FF-2D8B706D1EEB}.Debug|iPhoneSimulator.Build.0 = Debug|iPhoneSimulator
		{0E424C1D-A58D-42A7-91FF-2D8B706D1EEB}.Debug|x64.ActiveCfg = Debug|iPhone
		{0E424C1D-A58D-42A7-91FF-2D8B706D1EEB}.Debug|x86.ActiveCfg = Debug|iPhone
		{0E424C1D-A58D-42A7-91FF-2D8B706D1EEB}.Release|Any CPU.ActiveCfg = Release|iPhoneSimulator
		{0E424C1D-A58D-42A7-91FF-2D8B706D1EEB}.Release|ARM.ActiveCfg = Release|iPhone
		{0E424C1D-A58D-42A7-91FF-2D8B706D1EEB}.Release|iPhone.ActiveCfg = Release|iPhone
		{0E424C1D-A58D-42A7-91FF-2D8B706D1EEB}.Release|iPhone.Build.0 = Release|iPhone
		{0E424C1D-A58D-42A7-91FF-2D8B706D1EEB}.Release|iPhoneSimulator.ActiveCfg = Release|iPhoneSimulator
		{0E424C1D-A58D-42A7-91FF-2D8B706D1EEB}.Release|iPhoneSimulator.Build.0 = Release|iPhoneSimulator
		{0E424C1D-A58D-42A7-91FF-2D8B706D1EEB}.Release|x64.ActiveCfg = Release|iPhone
		{0E424C1D-A58D-42A7-91FF-2D8B706D1EEB}.Release|x86.ActiveCfg = Release|iPhone
		{1DD55748-2399-4D52-A956-3B2FEB40948D}.Debug|Any CPU.ActiveCfg = Debug|x86
		{1DD55748-2399-4D52-A956-3B2FEB40948D}.Debug|ARM.ActiveCfg = Debug|ARM
		{1DD55748-2399-4D52-A956-3B2FEB40948D}.Debug|ARM.Build.0 = Debug|ARM
		{1DD55748-2399-4D52-A956-3B2FEB40948D}.Debug|ARM.Deploy.0 = Debug|ARM
		{1DD55748-2399-4D52-A956-3B2FEB40948D}.Debug|iPhone.ActiveCfg = Debug|x86
		{1DD55748-2399-4D52-A956-3B2FEB40948D}.Debug|iPhoneSimulator.ActiveCfg = Debug|x86
		{1DD55748-2399-4D52-A956-3B2FEB40948D}.Debug|x64.ActiveCfg = Debug|x64
		{1DD55748-2399-4D52-A956-3B2FEB40948D}.Debug|x64.Build.0 = Debug|x64
		{1DD55748-2399-4D52-A956-3B2FEB40948D}.Debug|x64.Deploy.0 = Debug|x64
		{1DD55748-2399-4D52-A956-3B2FEB40948D}.Debug|x86.ActiveCfg = Debug|x86
		{1DD55748-2399-4D52-A956-3B2FEB40948D}.Debug|x86.Build.0 = Debug|x86
		{1DD55748-2399-4D52-A956-3B2FEB40948D}.Debug|x86.Deploy.0 = Debug|x86
		{1DD55748-2399-4D52-A956-3B2FEB40948D}.Release|Any CPU.ActiveCfg = Release|x86
		{1DD55748-2399-4D52-A956-3B2FEB40948D}.Release|ARM.ActiveCfg = Release|ARM
		{1DD55748-2399-4D52-A956-3B2FEB40948D}.Release|ARM.Build.0 = Release|ARM
		{1DD55748-2399-4D52-A956-3B2FEB40948D}.Release|ARM.Deploy.0 = Release|ARM
		{1DD55748-2399-4D52-A956-3B2FEB40948D}.Release|iPhone.ActiveCfg = Release|x86
		{1DD55748-2399-4D52-A956-3B2FEB40948D}.Release|iPhoneSimulator.ActiveCfg = Release|x86
		{1DD55748-2399-4D52-A956-3B2FEB40948D}.Release|x64.ActiveCfg = Release|x64
		{1DD55748-2399-4D52-A956-3B2FEB40948D}.Release|x64.Build.0 = Release|x64
		{1DD55748-2399-4D52-A956-3B2FEB40948D}.Release|x64.Deploy.0 = Release|x64
		{1DD55748-2399-4D52-A956-3B2FEB40948D}.Release|x86.ActiveCfg = Release|x86
		{1DD55748-2399-4D52-A956-3B2FEB40948D}.Release|x86.Build.0 = Release|x86
		{1DD55748-2399-4D52-A956-3B2FEB40948D}.Release|x86.Deploy.0 = Release|x86
		{F545F097-44B2-4826-A7F7-C652B7869CEC}.Debug|Any CPU.ActiveCfg = Debug|Any CPU
		{F545F097-44B2-4826-A7F7-C652B7869CEC}.Debug|Any CPU.Build.0 = Debug|Any CPU
		{F545F097-44B2-4826-A7F7-C652B7869CEC}.Debug|ARM.ActiveCfg = Debug|Any CPU
		{F545F097-44B2-4826-A7F7-C652B7869CEC}.Debug|ARM.Build.0 = Debug|Any CPU
		{F545F097-44B2-4826-A7F7-C652B7869CEC}.Debug|iPhone.ActiveCfg = Debug|Any CPU
		{F545F097-44B2-4826-A7F7-C652B7869CEC}.Debug|iPhone.Build.0 = Debug|Any CPU
		{F545F097-44B2-4826-A7F7-C652B7869CEC}.Debug|iPhoneSimulator.ActiveCfg = Debug|Any CPU
		{F545F097-44B2-4826-A7F7-C652B7869CEC}.Debug|iPhoneSimulator.Build.0 = Debug|Any CPU
		{F545F097-44B2-4826-A7F7-C652B7869CEC}.Debug|x64.ActiveCfg = Debug|Any CPU
		{F545F097-44B2-4826-A7F7-C652B7869CEC}.Debug|x64.Build.0 = Debug|Any CPU
		{F545F097-44B2-4826-A7F7-C652B7869CEC}.Debug|x86.ActiveCfg = Debug|Any CPU
		{F545F097-44B2-4826-A7F7-C652B7869CEC}.Debug|x86.Build.0 = Debug|Any CPU
		{F545F097-44B2-4826-A7F7-C652B7869CEC}.Release|Any CPU.ActiveCfg = Release|Any CPU
		{F545F097-44B2-4826-A7F7-C652B7869CEC}.Release|Any CPU.Build.0 = Release|Any CPU
		{F545F097-44B2-4826-A7F7-C652B7869CEC}.Release|ARM.ActiveCfg = Release|Any CPU
		{F545F097-44B2-4826-A7F7-C652B7869CEC}.Release|ARM.Build.0 = Release|Any CPU
		{F545F097-44B2-4826-A7F7-C652B7869CEC}.Release|iPhone.ActiveCfg = Release|Any CPU
		{F545F097-44B2-4826-A7F7-C652B7869CEC}.Release|iPhone.Build.0 = Release|Any CPU
		{F545F097-44B2-4826-A7F7-C652B7869CEC}.Release|iPhoneSimulator.ActiveCfg = Release|Any CPU
		{F545F097-44B2-4826-A7F7-C652B7869CEC}.Release|iPhoneSimulator.Build.0 = Release|Any CPU
		{F545F097-44B2-4826-A7F7-C652B7869CEC}.Release|x64.ActiveCfg = Release|Any CPU
		{F545F097-44B2-4826-A7F7-C652B7869CEC}.Release|x64.Build.0 = Release|Any CPU
		{F545F097-44B2-4826-A7F7-C652B7869CEC}.Release|x86.ActiveCfg = Release|Any CPU
		{F545F097-44B2-4826-A7F7-C652B7869CEC}.Release|x86.Build.0 = Release|Any CPU
		{261AA891-6549-4D36-863B-18A231E402A7}.Debug|Any CPU.ActiveCfg = Debug|Any CPU
		{261AA891-6549-4D36-863B-18A231E402A7}.Debug|Any CPU.Build.0 = Debug|Any CPU
		{261AA891-6549-4D36-863B-18A231E402A7}.Debug|ARM.ActiveCfg = Debug|Any CPU
		{261AA891-6549-4D36-863B-18A231E402A7}.Debug|ARM.Build.0 = Debug|Any CPU
		{261AA891-6549-4D36-863B-18A231E402A7}.Debug|iPhone.ActiveCfg = Debug|Any CPU
		{261AA891-6549-4D36-863B-18A231E402A7}.Debug|iPhone.Build.0 = Debug|Any CPU
		{261AA891-6549-4D36-863B-18A231E402A7}.Debug|iPhoneSimulator.ActiveCfg = Debug|Any CPU
		{261AA891-6549-4D36-863B-18A231E402A7}.Debug|iPhoneSimulator.Build.0 = Debug|Any CPU
		{261AA891-6549-4D36-863B-18A231E402A7}.Debug|x64.ActiveCfg = Debug|Any CPU
		{261AA891-6549-4D36-863B-18A231E402A7}.Debug|x64.Build.0 = Debug|Any CPU
		{261AA891-6549-4D36-863B-18A231E402A7}.Debug|x86.ActiveCfg = Debug|Any CPU
		{261AA891-6549-4D36-863B-18A231E402A7}.Debug|x86.Build.0 = Debug|Any CPU
		{261AA891-6549-4D36-863B-18A231E402A7}.Release|Any CPU.ActiveCfg = Release|Any CPU
		{261AA891-6549-4D36-863B-18A231E402A7}.Release|Any CPU.Build.0 = Release|Any CPU
		{261AA891-6549-4D36-863B-18A231E402A7}.Release|ARM.ActiveCfg = Release|Any CPU
		{261AA891-6549-4D36-863B-18A231E402A7}.Release|ARM.Build.0 = Release|Any CPU
		{261AA891-6549-4D36-863B-18A231E402A7}.Release|iPhone.ActiveCfg = Release|Any CPU
		{261AA891-6549-4D36-863B-18A231E402A7}.Release|iPhone.Build.0 = Release|Any CPU
		{261AA891-6549-4D36-863B-18A231E402A7}.Release|iPhoneSimulator.ActiveCfg = Release|Any CPU
		{261AA891-6549-4D36-863B-18A231E402A7}.Release|iPhoneSimulator.Build.0 = Release|Any CPU
		{261AA891-6549-4D36-863B-18A231E402A7}.Release|x64.ActiveCfg = Release|Any CPU
		{261AA891-6549-4D36-863B-18A231E402A7}.Release|x64.Build.0 = Release|Any CPU
		{261AA891-6549-4D36-863B-18A231E402A7}.Release|x86.ActiveCfg = Release|Any CPU
		{261AA891-6549-4D36-863B-18A231E402A7}.Release|x86.Build.0 = Release|Any CPU
		{8F20FB90-4020-4F7C-ADF8-471213C0C1B8}.Debug|Any CPU.ActiveCfg = Debug|Any CPU
		{8F20FB90-4020-4F7C-ADF8-471213C0C1B8}.Debug|Any CPU.Build.0 = Debug|Any CPU
		{8F20FB90-4020-4F7C-ADF8-471213C0C1B8}.Debug|ARM.ActiveCfg = Debug|Any CPU
		{8F20FB90-4020-4F7C-ADF8-471213C0C1B8}.Debug|ARM.Build.0 = Debug|Any CPU
		{8F20FB90-4020-4F7C-ADF8-471213C0C1B8}.Debug|iPhone.ActiveCfg = Debug|Any CPU
		{8F20FB90-4020-4F7C-ADF8-471213C0C1B8}.Debug|iPhone.Build.0 = Debug|Any CPU
		{8F20FB90-4020-4F7C-ADF8-471213C0C1B8}.Debug|iPhoneSimulator.ActiveCfg = Debug|Any CPU
		{8F20FB90-4020-4F7C-ADF8-471213C0C1B8}.Debug|iPhoneSimulator.Build.0 = Debug|Any CPU
		{8F20FB90-4020-4F7C-ADF8-471213C0C1B8}.Debug|x64.ActiveCfg = Debug|Any CPU
		{8F20FB90-4020-4F7C-ADF8-471213C0C1B8}.Debug|x64.Build.0 = Debug|Any CPU
		{8F20FB90-4020-4F7C-ADF8-471213C0C1B8}.Debug|x86.ActiveCfg = Debug|Any CPU
		{8F20FB90-4020-4F7C-ADF8-471213C0C1B8}.Debug|x86.Build.0 = Debug|Any CPU
		{8F20FB90-4020-4F7C-ADF8-471213C0C1B8}.Release|Any CPU.ActiveCfg = Release|Any CPU
		{8F20FB90-4020-4F7C-ADF8-471213C0C1B8}.Release|Any CPU.Build.0 = Release|Any CPU
		{8F20FB90-4020-4F7C-ADF8-471213C0C1B8}.Release|ARM.ActiveCfg = Release|Any CPU
		{8F20FB90-4020-4F7C-ADF8-471213C0C1B8}.Release|ARM.Build.0 = Release|Any CPU
		{8F20FB90-4020-4F7C-ADF8-471213C0C1B8}.Release|iPhone.ActiveCfg = Release|Any CPU
		{8F20FB90-4020-4F7C-ADF8-471213C0C1B8}.Release|iPhone.Build.0 = Release|Any CPU
		{8F20FB90-4020-4F7C-ADF8-471213C0C1B8}.Release|iPhoneSimulator.ActiveCfg = Release|Any CPU
		{8F20FB90-4020-4F7C-ADF8-471213C0C1B8}.Release|iPhoneSimulator.Build.0 = Release|Any CPU
		{8F20FB90-4020-4F7C-ADF8-471213C0C1B8}.Release|x64.ActiveCfg = Release|Any CPU
		{8F20FB90-4020-4F7C-ADF8-471213C0C1B8}.Release|x64.Build.0 = Release|Any CPU
		{8F20FB90-4020-4F7C-ADF8-471213C0C1B8}.Release|x86.ActiveCfg = Release|Any CPU
		{8F20FB90-4020-4F7C-ADF8-471213C0C1B8}.Release|x86.Build.0 = Release|Any CPU
		{D9DB7C77-C07B-4EF0-9756-A97D67435BF3}.Debug|Any CPU.ActiveCfg = Debug|Any CPU
		{D9DB7C77-C07B-4EF0-9756-A97D67435BF3}.Debug|Any CPU.Build.0 = Debug|Any CPU
		{D9DB7C77-C07B-4EF0-9756-A97D67435BF3}.Debug|ARM.ActiveCfg = Debug|Any CPU
		{D9DB7C77-C07B-4EF0-9756-A97D67435BF3}.Debug|ARM.Build.0 = Debug|Any CPU
		{D9DB7C77-C07B-4EF0-9756-A97D67435BF3}.Debug|iPhone.ActiveCfg = Debug|Any CPU
		{D9DB7C77-C07B-4EF0-9756-A97D67435BF3}.Debug|iPhone.Build.0 = Debug|Any CPU
		{D9DB7C77-C07B-4EF0-9756-A97D67435BF3}.Debug|iPhoneSimulator.ActiveCfg = Debug|Any CPU
		{D9DB7C77-C07B-4EF0-9756-A97D67435BF3}.Debug|iPhoneSimulator.Build.0 = Debug|Any CPU
		{D9DB7C77-C07B-4EF0-9756-A97D67435BF3}.Debug|x64.ActiveCfg = Debug|Any CPU
		{D9DB7C77-C07B-4EF0-9756-A97D67435BF3}.Debug|x64.Build.0 = Debug|Any CPU
		{D9DB7C77-C07B-4EF0-9756-A97D67435BF3}.Debug|x86.ActiveCfg = Debug|Any CPU
		{D9DB7C77-C07B-4EF0-9756-A97D67435BF3}.Debug|x86.Build.0 = Debug|Any CPU
		{D9DB7C77-C07B-4EF0-9756-A97D67435BF3}.Release|Any CPU.ActiveCfg = Release|Any CPU
		{D9DB7C77-C07B-4EF0-9756-A97D67435BF3}.Release|Any CPU.Build.0 = Release|Any CPU
		{D9DB7C77-C07B-4EF0-9756-A97D67435BF3}.Release|ARM.ActiveCfg = Release|Any CPU
		{D9DB7C77-C07B-4EF0-9756-A97D67435BF3}.Release|ARM.Build.0 = Release|Any CPU
		{D9DB7C77-C07B-4EF0-9756-A97D67435BF3}.Release|iPhone.ActiveCfg = Release|Any CPU
		{D9DB7C77-C07B-4EF0-9756-A97D67435BF3}.Release|iPhone.Build.0 = Release|Any CPU
		{D9DB7C77-C07B-4EF0-9756-A97D67435BF3}.Release|iPhoneSimulator.ActiveCfg = Release|Any CPU
		{D9DB7C77-C07B-4EF0-9756-A97D67435BF3}.Release|iPhoneSimulator.Build.0 = Release|Any CPU
		{D9DB7C77-C07B-4EF0-9756-A97D67435BF3}.Release|x64.ActiveCfg = Release|Any CPU
		{D9DB7C77-C07B-4EF0-9756-A97D67435BF3}.Release|x64.Build.0 = Release|Any CPU
		{D9DB7C77-C07B-4EF0-9756-A97D67435BF3}.Release|x86.ActiveCfg = Release|Any CPU
		{D9DB7C77-C07B-4EF0-9756-A97D67435BF3}.Release|x86.Build.0 = Release|Any CPU
		{2BC8BD29-5DD6-4321-9E58-8A07AE82EA68}.Debug|Any CPU.ActiveCfg = Debug|Any CPU
		{2BC8BD29-5DD6-4321-9E58-8A07AE82EA68}.Debug|Any CPU.Build.0 = Debug|Any CPU
		{2BC8BD29-5DD6-4321-9E58-8A07AE82EA68}.Debug|ARM.ActiveCfg = Debug|Any CPU
		{2BC8BD29-5DD6-4321-9E58-8A07AE82EA68}.Debug|ARM.Build.0 = Debug|Any CPU
		{2BC8BD29-5DD6-4321-9E58-8A07AE82EA68}.Debug|iPhone.ActiveCfg = Debug|Any CPU
		{2BC8BD29-5DD6-4321-9E58-8A07AE82EA68}.Debug|iPhone.Build.0 = Debug|Any CPU
		{2BC8BD29-5DD6-4321-9E58-8A07AE82EA68}.Debug|iPhoneSimulator.ActiveCfg = Debug|Any CPU
		{2BC8BD29-5DD6-4321-9E58-8A07AE82EA68}.Debug|iPhoneSimulator.Build.0 = Debug|Any CPU
		{2BC8BD29-5DD6-4321-9E58-8A07AE82EA68}.Debug|x64.ActiveCfg = Debug|Any CPU
		{2BC8BD29-5DD6-4321-9E58-8A07AE82EA68}.Debug|x64.Build.0 = Debug|Any CPU
		{2BC8BD29-5DD6-4321-9E58-8A07AE82EA68}.Debug|x86.ActiveCfg = Debug|Any CPU
		{2BC8BD29-5DD6-4321-9E58-8A07AE82EA68}.Debug|x86.Build.0 = Debug|Any CPU
		{2BC8BD29-5DD6-4321-9E58-8A07AE82EA68}.Release|Any CPU.ActiveCfg = Release|Any CPU
		{2BC8BD29-5DD6-4321-9E58-8A07AE82EA68}.Release|Any CPU.Build.0 = Release|Any CPU
		{2BC8BD29-5DD6-4321-9E58-8A07AE82EA68}.Release|ARM.ActiveCfg = Release|Any CPU
		{2BC8BD29-5DD6-4321-9E58-8A07AE82EA68}.Release|ARM.Build.0 = Release|Any CPU
		{2BC8BD29-5DD6-4321-9E58-8A07AE82EA68}.Release|iPhone.ActiveCfg = Release|Any CPU
		{2BC8BD29-5DD6-4321-9E58-8A07AE82EA68}.Release|iPhone.Build.0 = Release|Any CPU
		{2BC8BD29-5DD6-4321-9E58-8A07AE82EA68}.Release|iPhoneSimulator.ActiveCfg = Release|Any CPU
		{2BC8BD29-5DD6-4321-9E58-8A07AE82EA68}.Release|iPhoneSimulator.Build.0 = Release|Any CPU
		{2BC8BD29-5DD6-4321-9E58-8A07AE82EA68}.Release|x64.ActiveCfg = Release|Any CPU
		{2BC8BD29-5DD6-4321-9E58-8A07AE82EA68}.Release|x64.Build.0 = Release|Any CPU
		{2BC8BD29-5DD6-4321-9E58-8A07AE82EA68}.Release|x86.ActiveCfg = Release|Any CPU
		{2BC8BD29-5DD6-4321-9E58-8A07AE82EA68}.Release|x86.Build.0 = Release|Any CPU
		{13488055-FC97-470D-992F-9FB8336A95A5}.Debug|Any CPU.ActiveCfg = Debug|Any CPU
		{13488055-FC97-470D-992F-9FB8336A95A5}.Debug|Any CPU.Build.0 = Debug|Any CPU
		{13488055-FC97-470D-992F-9FB8336A95A5}.Debug|ARM.ActiveCfg = Debug|ARM
		{13488055-FC97-470D-992F-9FB8336A95A5}.Debug|ARM.Build.0 = Debug|ARM
		{13488055-FC97-470D-992F-9FB8336A95A5}.Debug|iPhone.ActiveCfg = Debug|Any CPU
		{13488055-FC97-470D-992F-9FB8336A95A5}.Debug|iPhone.Build.0 = Debug|Any CPU
		{13488055-FC97-470D-992F-9FB8336A95A5}.Debug|iPhoneSimulator.ActiveCfg = Debug|Any CPU
		{13488055-FC97-470D-992F-9FB8336A95A5}.Debug|iPhoneSimulator.Build.0 = Debug|Any CPU
		{13488055-FC97-470D-992F-9FB8336A95A5}.Debug|x64.ActiveCfg = Debug|x64
		{13488055-FC97-470D-992F-9FB8336A95A5}.Debug|x64.Build.0 = Debug|x64
		{13488055-FC97-470D-992F-9FB8336A95A5}.Debug|x86.ActiveCfg = Debug|x86
		{13488055-FC97-470D-992F-9FB8336A95A5}.Debug|x86.Build.0 = Debug|x86
		{13488055-FC97-470D-992F-9FB8336A95A5}.Release|Any CPU.ActiveCfg = Release|Any CPU
		{13488055-FC97-470D-992F-9FB8336A95A5}.Release|Any CPU.Build.0 = Release|Any CPU
		{13488055-FC97-470D-992F-9FB8336A95A5}.Release|ARM.ActiveCfg = Release|ARM
		{13488055-FC97-470D-992F-9FB8336A95A5}.Release|ARM.Build.0 = Release|ARM
		{13488055-FC97-470D-992F-9FB8336A95A5}.Release|iPhone.ActiveCfg = Release|Any CPU
		{13488055-FC97-470D-992F-9FB8336A95A5}.Release|iPhone.Build.0 = Release|Any CPU
		{13488055-FC97-470D-992F-9FB8336A95A5}.Release|iPhoneSimulator.ActiveCfg = Release|Any CPU
		{13488055-FC97-470D-992F-9FB8336A95A5}.Release|iPhoneSimulator.Build.0 = Release|Any CPU
		{13488055-FC97-470D-992F-9FB8336A95A5}.Release|x64.ActiveCfg = Release|x64
		{13488055-FC97-470D-992F-9FB8336A95A5}.Release|x64.Build.0 = Release|x64
		{13488055-FC97-470D-992F-9FB8336A95A5}.Release|x86.ActiveCfg = Release|x86
		{13488055-FC97-470D-992F-9FB8336A95A5}.Release|x86.Build.0 = Release|x86
		{92138D1A-B366-4CA2-98A1-846413B9C15A}.Debug|Any CPU.ActiveCfg = Debug|Any CPU
		{92138D1A-B366-4CA2-98A1-846413B9C15A}.Debug|Any CPU.Build.0 = Debug|Any CPU
		{92138D1A-B366-4CA2-98A1-846413B9C15A}.Debug|ARM.ActiveCfg = Debug|Any CPU
		{92138D1A-B366-4CA2-98A1-846413B9C15A}.Debug|ARM.Build.0 = Debug|Any CPU
		{92138D1A-B366-4CA2-98A1-846413B9C15A}.Debug|iPhone.ActiveCfg = Debug|Any CPU
		{92138D1A-B366-4CA2-98A1-846413B9C15A}.Debug|iPhone.Build.0 = Debug|Any CPU
		{92138D1A-B366-4CA2-98A1-846413B9C15A}.Debug|iPhoneSimulator.ActiveCfg = Debug|Any CPU
		{92138D1A-B366-4CA2-98A1-846413B9C15A}.Debug|iPhoneSimulator.Build.0 = Debug|Any CPU
		{92138D1A-B366-4CA2-98A1-846413B9C15A}.Debug|x64.ActiveCfg = Debug|Any CPU
		{92138D1A-B366-4CA2-98A1-846413B9C15A}.Debug|x64.Build.0 = Debug|Any CPU
		{92138D1A-B366-4CA2-98A1-846413B9C15A}.Debug|x86.ActiveCfg = Debug|Any CPU
		{92138D1A-B366-4CA2-98A1-846413B9C15A}.Debug|x86.Build.0 = Debug|Any CPU
		{92138D1A-B366-4CA2-98A1-846413B9C15A}.Release|Any CPU.ActiveCfg = Release|Any CPU
		{92138D1A-B366-4CA2-98A1-846413B9C15A}.Release|Any CPU.Build.0 = Release|Any CPU
		{92138D1A-B366-4CA2-98A1-846413B9C15A}.Release|ARM.ActiveCfg = Release|Any CPU
		{92138D1A-B366-4CA2-98A1-846413B9C15A}.Release|ARM.Build.0 = Release|Any CPU
		{92138D1A-B366-4CA2-98A1-846413B9C15A}.Release|iPhone.ActiveCfg = Release|Any CPU
		{92138D1A-B366-4CA2-98A1-846413B9C15A}.Release|iPhone.Build.0 = Release|Any CPU
		{92138D1A-B366-4CA2-98A1-846413B9C15A}.Release|iPhoneSimulator.ActiveCfg = Release|Any CPU
		{92138D1A-B366-4CA2-98A1-846413B9C15A}.Release|iPhoneSimulator.Build.0 = Release|Any CPU
		{92138D1A-B366-4CA2-98A1-846413B9C15A}.Release|x64.ActiveCfg = Release|Any CPU
		{92138D1A-B366-4CA2-98A1-846413B9C15A}.Release|x64.Build.0 = Release|Any CPU
		{92138D1A-B366-4CA2-98A1-846413B9C15A}.Release|x86.ActiveCfg = Release|Any CPU
		{92138D1A-B366-4CA2-98A1-846413B9C15A}.Release|x86.Build.0 = Release|Any CPU
	EndGlobalSection
	GlobalSection(SolutionProperties) = preSolution
		HideSolutionNode = FALSE
	EndGlobalSection
	GlobalSection(NestedProjects) = preSolution
		{791718E7-1DD3-4039-8058-D337F325D039} = {A0B2B0B3-4B2C-4DBE-BFF0-F8E87B946C1F}
		{0E424C1D-A58D-42A7-91FF-2D8B706D1EEB} = {A0B2B0B3-4B2C-4DBE-BFF0-F8E87B946C1F}
		{1DD55748-2399-4D52-A956-3B2FEB40948D} = {A0B2B0B3-4B2C-4DBE-BFF0-F8E87B946C1F}
		{F545F097-44B2-4826-A7F7-C652B7869CEC} = {A0B2B0B3-4B2C-4DBE-BFF0-F8E87B946C1F}
		{261AA891-6549-4D36-863B-18A231E402A7} = {C6B10842-F18B-4E0D-9531-C89835E23B2E}
		{8F20FB90-4020-4F7C-ADF8-471213C0C1B8} = {89045E93-D003-45A5-9754-05B12A8FE939}
		{D9DB7C77-C07B-4EF0-9756-A97D67435BF3} = {89045E93-D003-45A5-9754-05B12A8FE939}
		{2BC8BD29-5DD6-4321-9E58-8A07AE82EA68} = {89045E93-D003-45A5-9754-05B12A8FE939}
		{13488055-FC97-470D-992F-9FB8336A95A5} = {89045E93-D003-45A5-9754-05B12A8FE939}
		{92138D1A-B366-4CA2-98A1-846413B9C15A} = {BAC02EC6-B2CA-4551-B423-1A17E1C0F89F}
	EndGlobalSection
	GlobalSection(ExtensibilityGlobals) = postSolution
		SolutionGuid = {161D2710-86CA-46F5-B139-EED7B6023E9C}
	EndGlobalSection
EndGlobal
